
Microsoft Visual Studio Solution File, Format Version 12.00
# Visual Studio Version 17
VisualStudioVersion = 17.9.34723.18
MinimumVisualStudioVersion = 10.0.40219.1
Project("{2150E333-8FDC-42A3-9474-1A3956D46DE8}") = "Services", "Services", "{1BAB10F6-D1FF-4966-B193-A08C4704C52E}"
EndProject
Project("{2150E333-8FDC-42A3-9474-1A3956D46DE8}") = "Catalog", "Catalog", "{5344C2F0-0152-48B5-BFC6-338E8BD42230}"
EndProject
Project("{9A19103F-16F7-4668-BE54-9A1E7A4F7556}") = "MultiShop.Catalog", "Services\Catalog\MultiShop.Catalog\MultiShop.Catalog.csproj", "{74DDD57C-A051-43F2-AFDF-9A28760C2395}"
EndProject
Project("{2150E333-8FDC-42A3-9474-1A3956D46DE8}") = "Discount", "Discount", "{C6C9F9D3-C71C-4B04-B8CA-7FC13B2D6F6D}"
EndProject
Project("{9A19103F-16F7-4668-BE54-9A1E7A4F7556}") = "MultiShop.Discount", "Services\Discount\MultiShop.Discount\MultiShop.Discount.csproj", "{BA929BB2-C815-4449-85DC-1C8CEE32B2D0}"
EndProject
Project("{2150E333-8FDC-42A3-9474-1A3956D46DE8}") = "Order", "Order", "{C05248B6-0FCF-4C45-81DA-DD83C035460B}"
EndProject
Project("{2150E333-8FDC-42A3-9474-1A3956D46DE8}") = "Core", "Core", "{2BEC1E7D-A237-44BC-B90C-EA01691D4875}"
EndProject
Project("{2150E333-8FDC-42A3-9474-1A3956D46DE8}") = "Infrastructure", "Infrastructure", "{7EAB1F49-4426-47B6-91FC-652B84A7ECE0}"
EndProject
Project("{2150E333-8FDC-42A3-9474-1A3956D46DE8}") = "Presentation", "Presentation", "{C167416E-3D76-4067-9E4E-895F52958391}"
EndProject
Project("{9A19103F-16F7-4668-BE54-9A1E7A4F7556}") = "MultiShop.Order.Application", "Services\Order\Core\MultiShop.Order.Application\MultiShop.Order.Application.csproj", "{10975A2C-4965-46E0-94AA-F0A8E9CC6480}"
EndProject
Project("{9A19103F-16F7-4668-BE54-9A1E7A4F7556}") = "MultiShop.Order.Domain", "Services\Order\Core\MultiShop.Order.Domain\MultiShop.Order.Domain.csproj", "{58FC4944-EA77-44E6-891F-781D937E0E22}"
EndProject
Project("{9A19103F-16F7-4668-BE54-9A1E7A4F7556}") = "MultiShop.Order.Persistence", "Services\Order\Infrastructure\MultiShop.Order.Persistence\MultiShop.Order.Persistence.csproj", "{A5F8A0BE-0D62-4CBA-953E-6A64DBC9934E}"
EndProject
Project("{9A19103F-16F7-4668-BE54-9A1E7A4F7556}") = "MutliShop.Order.WebAPI", "Services\Order\Presentation\MutliShop.Order.WebAPI\MutliShop.Order.WebAPI.csproj", "{DC660BBC-174E-4DA5-A6E8-0CA609F62CA7}"
EndProject
Global
	GlobalSection(SolutionConfigurationPlatforms) = preSolution
		Debug|Any CPU = Debug|Any CPU
		Release|Any CPU = Release|Any CPU
	EndGlobalSection
	GlobalSection(ProjectConfigurationPlatforms) = postSolution
		{74DDD57C-A051-43F2-AFDF-9A28760C2395}.Debug|Any CPU.ActiveCfg = Debug|Any CPU
		{74DDD57C-A051-43F2-AFDF-9A28760C2395}.Debug|Any CPU.Build.0 = Debug|Any CPU
		{74DDD57C-A051-43F2-AFDF-9A28760C2395}.Release|Any CPU.ActiveCfg = Release|Any CPU
		{74DDD57C-A051-43F2-AFDF-9A28760C2395}.Release|Any CPU.Build.0 = Release|Any CPU
		{BA929BB2-C815-4449-85DC-1C8CEE32B2D0}.Debug|Any CPU.ActiveCfg = Debug|Any CPU
		{BA929BB2-C815-4449-85DC-1C8CEE32B2D0}.Debug|Any CPU.Build.0 = Debug|Any CPU
		{BA929BB2-C815-4449-85DC-1C8CEE32B2D0}.Release|Any CPU.ActiveCfg = Release|Any CPU
		{BA929BB2-C815-4449-85DC-1C8CEE32B2D0}.Release|Any CPU.Build.0 = Release|Any CPU
		{10975A2C-4965-46E0-94AA-F0A8E9CC6480}.Debug|Any CPU.ActiveCfg = Debug|Any CPU
		{10975A2C-4965-46E0-94AA-F0A8E9CC6480}.Debug|Any CPU.Build.0 = Debug|Any CPU
		{10975A2C-4965-46E0-94AA-F0A8E9CC6480}.Release|Any CPU.ActiveCfg = Release|Any CPU
		{10975A2C-4965-46E0-94AA-F0A8E9CC6480}.Release|Any CPU.Build.0 = Release|Any CPU
		{58FC4944-EA77-44E6-891F-781D937E0E22}.Debug|Any CPU.ActiveCfg = Debug|Any CPU
		{58FC4944-EA77-44E6-891F-781D937E0E22}.Debug|Any CPU.Build.0 = Debug|Any CPU
		{58FC4944-EA77-44E6-891F-781D937E0E22}.Release|Any CPU.ActiveCfg = Release|Any CPU
		{58FC4944-EA77-44E6-891F-781D937E0E22}.Release|Any CPU.Build.0 = Release|Any CPU
		{A5F8A0BE-0D62-4CBA-953E-6A64DBC9934E}.Debug|Any CPU.ActiveCfg = Debug|Any CPU
		{A5F8A0BE-0D62-4CBA-953E-6A64DBC9934E}.Debug|Any CPU.Build.0 = Debug|Any CPU
		{A5F8A0BE-0D62-4CBA-953E-6A64DBC9934E}.Release|Any CPU.ActiveCfg = Release|Any CPU
		{A5F8A0BE-0D62-4CBA-953E-6A64DBC9934E}.Release|Any CPU.Build.0 = Release|Any CPU
		{DC660BBC-174E-4DA5-A6E8-0CA609F62CA7}.Debug|Any CPU.ActiveCfg = Debug|Any CPU
		{DC660BBC-174E-4DA5-A6E8-0CA609F62CA7}.Debug|Any CPU.Build.0 = Debug|Any CPU
		{DC660BBC-174E-4DA5-A6E8-0CA609F62CA7}.Release|Any CPU.ActiveCfg = Release|Any CPU
		{DC660BBC-174E-4DA5-A6E8-0CA609F62CA7}.Release|Any CPU.Build.0 = Release|Any CPU
	EndGlobalSection
	GlobalSection(SolutionProperties) = preSolution
		HideSolutionNode = FALSE
	EndGlobalSection
	GlobalSection(NestedProjects) = preSolution
		{5344C2F0-0152-48B5-BFC6-338E8BD42230} = {1BAB10F6-D1FF-4966-B193-A08C4704C52E}
		{74DDD57C-A051-43F2-AFDF-9A28760C2395} = {5344C2F0-0152-48B5-BFC6-338E8BD42230}
		{C6C9F9D3-C71C-4B04-B8CA-7FC13B2D6F6D} = {1BAB10F6-D1FF-4966-B193-A08C4704C52E}
		{BA929BB2-C815-4449-85DC-1C8CEE32B2D0} = {C6C9F9D3-C71C-4B04-B8CA-7FC13B2D6F6D}
		{C05248B6-0FCF-4C45-81DA-DD83C035460B} = {1BAB10F6-D1FF-4966-B193-A08C4704C52E}
		{2BEC1E7D-A237-44BC-B90C-EA01691D4875} = {C05248B6-0FCF-4C45-81DA-DD83C035460B}
		{7EAB1F49-4426-47B6-91FC-652B84A7ECE0} = {C05248B6-0FCF-4C45-81DA-DD83C035460B}
		{C167416E-3D76-4067-9E4E-895F52958391} = {C05248B6-0FCF-4C45-81DA-DD83C035460B}
		{10975A2C-4965-46E0-94AA-F0A8E9CC6480} = {2BEC1E7D-A237-44BC-B90C-EA01691D4875}
		{58FC4944-EA77-44E6-891F-781D937E0E22} = {2BEC1E7D-A237-44BC-B90C-EA01691D4875}
		{A5F8A0BE-0D62-4CBA-953E-6A64DBC9934E} = {7EAB1F49-4426-47B6-91FC-652B84A7ECE0}
		{DC660BBC-174E-4DA5-A6E8-0CA609F62CA7} = {C167416E-3D76-4067-9E4E-895F52958391}
	EndGlobalSection
	GlobalSection(ExtensibilityGlobals) = postSolution
		SolutionGuid = {664988E8-25E2-4C34-85BF-36D5D6DECBF6}
	EndGlobalSection
EndGlobal
