
Microsoft Visual Studio Solution File, Format Version 12.00
# Visual Studio Version 17
VisualStudioVersion = 17.9.34723.18
MinimumVisualStudioVersion = 10.0.40219.1
Project("{2150E333-8FDC-42A3-9474-1A3956D46DE8}") = "Services", "Services", "{1BAB10F6-D1FF-4966-B193-A08C4704C52E}"
EndProject
Project("{2150E333-8FDC-42A3-9474-1A3956D46DE8}") = "Catalog", "Catalog", "{5344C2F0-0152-48B5-BFC6-338E8BD42230}"
EndProject
Project("{9A19103F-16F7-4668-BE54-9A1E7A4F7556}") = "MultiShop.Catalog", "Services\Catalog\MultiShop.Catalog\MultiShop.Catalog.csproj", "{74DDD57C-A051-43F2-AFDF-9A28760C2395}"
EndProject
Project("{2150E333-8FDC-42A3-9474-1A3956D46DE8}") = "Discount", "Discount", "{C6C9F9D3-C71C-4B04-B8CA-7FC13B2D6F6D}"
EndProject
Project("{9A19103F-16F7-4668-BE54-9A1E7A4F7556}") = "MultiShop.Discount", "Services\Discount\MultiShop.Discount\MultiShop.Discount.csproj", "{BA929BB2-C815-4449-85DC-1C8CEE32B2D0}"
EndProject
Project("{2150E333-8FDC-42A3-9474-1A3956D46DE8}") = "Order", "Order", "{C05248B6-0FCF-4C45-81DA-DD83C035460B}"
EndProject
Project("{2150E333-8FDC-42A3-9474-1A3956D46DE8}") = "Core", "Core", "{2BEC1E7D-A237-44BC-B90C-EA01691D4875}"
EndProject
Project("{2150E333-8FDC-42A3-9474-1A3956D46DE8}") = "Infrastructure", "Infrastructure", "{7EAB1F49-4426-47B6-91FC-652B84A7ECE0}"
EndProject
Project("{2150E333-8FDC-42A3-9474-1A3956D46DE8}") = "Presentation", "Presentation", "{C167416E-3D76-4067-9E4E-895F52958391}"
EndProject
Project("{9A19103F-16F7-4668-BE54-9A1E7A4F7556}") = "MultiShop.Order.Application", "Services\Order\Core\MultiShop.Order.Application\MultiShop.Order.Application.csproj", "{10975A2C-4965-46E0-94AA-F0A8E9CC6480}"
EndProject
Project("{9A19103F-16F7-4668-BE54-9A1E7A4F7556}") = "MultiShop.Order.Domain", "Services\Order\Core\MultiShop.Order.Domain\MultiShop.Order.Domain.csproj", "{58FC4944-EA77-44E6-891F-781D937E0E22}"
EndProject
Project("{9A19103F-16F7-4668-BE54-9A1E7A4F7556}") = "MultiShop.Order.Persistence", "Services\Order\Infrastructure\MultiShop.Order.Persistence\MultiShop.Order.Persistence.csproj", "{A5F8A0BE-0D62-4CBA-953E-6A64DBC9934E}"
EndProject
Project("{9A19103F-16F7-4668-BE54-9A1E7A4F7556}") = "MutliShop.Order.WebAPI", "Services\Order\Presentation\MutliShop.Order.WebAPI\MutliShop.Order.WebAPI.csproj", "{DC660BBC-174E-4DA5-A6E8-0CA609F62CA7}"
EndProject
Project("{2150E333-8FDC-42A3-9474-1A3956D46DE8}") = "IdentityServer", "IdentityServer", "{5B60C569-F011-47D0-AFF4-4D0368EF6D1F}"
EndProject
Project("{9A19103F-16F7-4668-BE54-9A1E7A4F7556}") = "MultiShop.IdentityServer", "IdentityServer\MultiShop.IdentityServer\MultiShop.IdentityServer.csproj", "{620527B2-A898-4475-B05C-B54378CD8E37}"
EndProject
Project("{2150E333-8FDC-42A3-9474-1A3956D46DE8}") = "Cargo", "Cargo", "{3AEB4E3A-5D39-408D-AFF8-C1965ED5111C}"
EndProject
Project("{9A19103F-16F7-4668-BE54-9A1E7A4F7556}") = "MultiShop.Cargo.EntityLayer", "Services\Cargo\MultiShop.Cargo.EntityLayer\MultiShop.Cargo.EntityLayer.csproj", "{D9460100-23AD-4EFE-802A-7097B85B08A1}"
EndProject
Project("{9A19103F-16F7-4668-BE54-9A1E7A4F7556}") = "MultiShop.Cargo.BusinessLayer", "Services\Cargo\MultiShop.Cargo.BusinessLayer\MultiShop.Cargo.BusinessLayer.csproj", "{1AB56CAA-D218-4C9F-9951-C9734E3EFB36}"
EndProject
Project("{9A19103F-16F7-4668-BE54-9A1E7A4F7556}") = "MultiShop.Cargo.DataAccessLayer", "Services\Cargo\MultiShop.Cargo.DataAccessLayer\MultiShop.Cargo.DataAccessLayer.csproj", "{E707AED6-7A48-469E-9473-7577E27BF85E}"
EndProject
Project("{9A19103F-16F7-4668-BE54-9A1E7A4F7556}") = "MultiShop.Cargo.DtoLayer", "Services\Cargo\MultiShop.Cargo.DtoLayer\MultiShop.Cargo.DtoLayer.csproj", "{F354A792-B87C-478C-B804-13F538E5AFD3}"
EndProject
Project("{9A19103F-16F7-4668-BE54-9A1E7A4F7556}") = "MultiShop.Cargo.WebAPI", "Services\Cargo\MultiShop.Cargo.WebAPI\MultiShop.Cargo.WebAPI.csproj", "{5B28F781-0016-48CE-B4A5-A153C8631AC7}"
EndProject
Project("{2150E333-8FDC-42A3-9474-1A3956D46DE8}") = "Basket", "Basket", "{1C8063CC-38FE-4DD6-8934-430691535272}"
EndProject
Project("{9A19103F-16F7-4668-BE54-9A1E7A4F7556}") = "MultiShop.Basket", "Services\Basket\MutliShop.Basket\MultiShop.Basket.csproj", "{DEEF608F-D96B-44BD-8727-34D636AE40F3}"
EndProject
Project("{2150E333-8FDC-42A3-9474-1A3956D46DE8}") = "UserInterfaces", "UserInterfaces", "{249E96D0-90C2-45B3-9BF1-422CBA2F13F0}"
EndProject
Project("{9A19103F-16F7-4668-BE54-9A1E7A4F7556}") = "MultiShop.WebUI", "UserInterfaces\MultiShop.WebUI\MultiShop.WebUI.csproj", "{C8D28FE8-E3D7-4A2A-974F-F4A6A05F0339}"
EndProject
Project("{FAE04EC0-301F-11D3-BF4B-00C04F79EFBC}") = "MultiShop.DtoLayer", "UserInterfaces\MultiShop.DtoLayer\MultiShop.DtoLayer.csproj", "{D8A4EC68-AAFE-4782-8892-2B9639A7C75F}"
EndProject
Project("{2150E333-8FDC-42A3-9474-1A3956D46DE8}") = "Review", "Review", "{02EA681E-C7D8-13C7-8484-4AC65E1B71E8}"
EndProject
Project("{FAE04EC0-301F-11D3-BF4B-00C04F79EFBC}") = "MultiShop.Review", "Services\Review\MultiShop.Review\MultiShop.Review.csproj", "{83C31C64-7980-440F-9B6C-E27422FEB814}"
EndProject
Global
	GlobalSection(SolutionConfigurationPlatforms) = preSolution
		Debug|Any CPU = Debug|Any CPU
		Release|Any CPU = Release|Any CPU
	EndGlobalSection
	GlobalSection(ProjectConfigurationPlatforms) = postSolution
		{74DDD57C-A051-43F2-AFDF-9A28760C2395}.Debug|Any CPU.ActiveCfg = Debug|Any CPU
		{74DDD57C-A051-43F2-AFDF-9A28760C2395}.Debug|Any CPU.Build.0 = Debug|Any CPU
		{74DDD57C-A051-43F2-AFDF-9A28760C2395}.Release|Any CPU.ActiveCfg = Release|Any CPU
		{74DDD57C-A051-43F2-AFDF-9A28760C2395}.Release|Any CPU.Build.0 = Release|Any CPU
		{BA929BB2-C815-4449-85DC-1C8CEE32B2D0}.Debug|Any CPU.ActiveCfg = Debug|Any CPU
		{BA929BB2-C815-4449-85DC-1C8CEE32B2D0}.Debug|Any CPU.Build.0 = Debug|Any CPU
		{BA929BB2-C815-4449-85DC-1C8CEE32B2D0}.Release|Any CPU.ActiveCfg = Release|Any CPU
		{BA929BB2-C815-4449-85DC-1C8CEE32B2D0}.Release|Any CPU.Build.0 = Release|Any CPU
		{10975A2C-4965-46E0-94AA-F0A8E9CC6480}.Debug|Any CPU.ActiveCfg = Debug|Any CPU
		{10975A2C-4965-46E0-94AA-F0A8E9CC6480}.Debug|Any CPU.Build.0 = Debug|Any CPU
		{10975A2C-4965-46E0-94AA-F0A8E9CC6480}.Release|Any CPU.ActiveCfg = Release|Any CPU
		{10975A2C-4965-46E0-94AA-F0A8E9CC6480}.Release|Any CPU.Build.0 = Release|Any CPU
		{58FC4944-EA77-44E6-891F-781D937E0E22}.Debug|Any CPU.ActiveCfg = Debug|Any CPU
		{58FC4944-EA77-44E6-891F-781D937E0E22}.Debug|Any CPU.Build.0 = Debug|Any CPU
		{58FC4944-EA77-44E6-891F-781D937E0E22}.Release|Any CPU.ActiveCfg = Release|Any CPU
		{58FC4944-EA77-44E6-891F-781D937E0E22}.Release|Any CPU.Build.0 = Release|Any CPU
		{A5F8A0BE-0D62-4CBA-953E-6A64DBC9934E}.Debug|Any CPU.ActiveCfg = Debug|Any CPU
		{A5F8A0BE-0D62-4CBA-953E-6A64DBC9934E}.Debug|Any CPU.Build.0 = Debug|Any CPU
		{A5F8A0BE-0D62-4CBA-953E-6A64DBC9934E}.Release|Any CPU.ActiveCfg = Release|Any CPU
		{A5F8A0BE-0D62-4CBA-953E-6A64DBC9934E}.Release|Any CPU.Build.0 = Release|Any CPU
		{DC660BBC-174E-4DA5-A6E8-0CA609F62CA7}.Debug|Any CPU.ActiveCfg = Debug|Any CPU
		{DC660BBC-174E-4DA5-A6E8-0CA609F62CA7}.Debug|Any CPU.Build.0 = Debug|Any CPU
		{DC660BBC-174E-4DA5-A6E8-0CA609F62CA7}.Release|Any CPU.ActiveCfg = Release|Any CPU
		{DC660BBC-174E-4DA5-A6E8-0CA609F62CA7}.Release|Any CPU.Build.0 = Release|Any CPU
		{620527B2-A898-4475-B05C-B54378CD8E37}.Debug|Any CPU.ActiveCfg = Debug|Any CPU
		{620527B2-A898-4475-B05C-B54378CD8E37}.Debug|Any CPU.Build.0 = Debug|Any CPU
		{620527B2-A898-4475-B05C-B54378CD8E37}.Release|Any CPU.ActiveCfg = Release|Any CPU
		{620527B2-A898-4475-B05C-B54378CD8E37}.Release|Any CPU.Build.0 = Release|Any CPU
		{D9460100-23AD-4EFE-802A-7097B85B08A1}.Debug|Any CPU.ActiveCfg = Debug|Any CPU
		{D9460100-23AD-4EFE-802A-7097B85B08A1}.Debug|Any CPU.Build.0 = Debug|Any CPU
		{D9460100-23AD-4EFE-802A-7097B85B08A1}.Release|Any CPU.ActiveCfg = Release|Any CPU
		{D9460100-23AD-4EFE-802A-7097B85B08A1}.Release|Any CPU.Build.0 = Release|Any CPU
		{1AB56CAA-D218-4C9F-9951-C9734E3EFB36}.Debug|Any CPU.ActiveCfg = Debug|Any CPU
		{1AB56CAA-D218-4C9F-9951-C9734E3EFB36}.Debug|Any CPU.Build.0 = Debug|Any CPU
		{1AB56CAA-D218-4C9F-9951-C9734E3EFB36}.Release|Any CPU.ActiveCfg = Release|Any CPU
		{1AB56CAA-D218-4C9F-9951-C9734E3EFB36}.Release|Any CPU.Build.0 = Release|Any CPU
		{E707AED6-7A48-469E-9473-7577E27BF85E}.Debug|Any CPU.ActiveCfg = Debug|Any CPU
		{E707AED6-7A48-469E-9473-7577E27BF85E}.Debug|Any CPU.Build.0 = Debug|Any CPU
		{E707AED6-7A48-469E-9473-7577E27BF85E}.Release|Any CPU.ActiveCfg = Release|Any CPU
		{E707AED6-7A48-469E-9473-7577E27BF85E}.Release|Any CPU.Build.0 = Release|Any CPU
		{F354A792-B87C-478C-B804-13F538E5AFD3}.Debug|Any CPU.ActiveCfg = Debug|Any CPU
		{F354A792-B87C-478C-B804-13F538E5AFD3}.Debug|Any CPU.Build.0 = Debug|Any CPU
		{F354A792-B87C-478C-B804-13F538E5AFD3}.Release|Any CPU.ActiveCfg = Release|Any CPU
		{F354A792-B87C-478C-B804-13F538E5AFD3}.Release|Any CPU.Build.0 = Release|Any CPU
		{5B28F781-0016-48CE-B4A5-A153C8631AC7}.Debug|Any CPU.ActiveCfg = Debug|Any CPU
		{5B28F781-0016-48CE-B4A5-A153C8631AC7}.Debug|Any CPU.Build.0 = Debug|Any CPU
		{5B28F781-0016-48CE-B4A5-A153C8631AC7}.Release|Any CPU.ActiveCfg = Release|Any CPU
		{5B28F781-0016-48CE-B4A5-A153C8631AC7}.Release|Any CPU.Build.0 = Release|Any CPU
		{DEEF608F-D96B-44BD-8727-34D636AE40F3}.Debug|Any CPU.ActiveCfg = Debug|Any CPU
		{DEEF608F-D96B-44BD-8727-34D636AE40F3}.Debug|Any CPU.Build.0 = Debug|Any CPU
		{DEEF608F-D96B-44BD-8727-34D636AE40F3}.Release|Any CPU.ActiveCfg = Release|Any CPU
		{DEEF608F-D96B-44BD-8727-34D636AE40F3}.Release|Any CPU.Build.0 = Release|Any CPU
		{C8D28FE8-E3D7-4A2A-974F-F4A6A05F0339}.Debug|Any CPU.ActiveCfg = Debug|Any CPU
		{C8D28FE8-E3D7-4A2A-974F-F4A6A05F0339}.Debug|Any CPU.Build.0 = Debug|Any CPU
		{C8D28FE8-E3D7-4A2A-974F-F4A6A05F0339}.Release|Any CPU.ActiveCfg = Release|Any CPU
		{C8D28FE8-E3D7-4A2A-974F-F4A6A05F0339}.Release|Any CPU.Build.0 = Release|Any CPU
		{D8A4EC68-AAFE-4782-8892-2B9639A7C75F}.Debug|Any CPU.ActiveCfg = Debug|Any CPU
		{D8A4EC68-AAFE-4782-8892-2B9639A7C75F}.Debug|Any CPU.Build.0 = Debug|Any CPU
		{D8A4EC68-AAFE-4782-8892-2B9639A7C75F}.Release|Any CPU.ActiveCfg = Release|Any CPU
		{D8A4EC68-AAFE-4782-8892-2B9639A7C75F}.Release|Any CPU.Build.0 = Release|Any CPU
		{83C31C64-7980-440F-9B6C-E27422FEB814}.Debug|Any CPU.ActiveCfg = Debug|Any CPU
		{83C31C64-7980-440F-9B6C-E27422FEB814}.Debug|Any CPU.Build.0 = Debug|Any CPU
		{83C31C64-7980-440F-9B6C-E27422FEB814}.Release|Any CPU.ActiveCfg = Release|Any CPU
		{83C31C64-7980-440F-9B6C-E27422FEB814}.Release|Any CPU.Build.0 = Release|Any CPU
	EndGlobalSection
	GlobalSection(SolutionProperties) = preSolution
		HideSolutionNode = FALSE
	EndGlobalSection
	GlobalSection(NestedProjects) = preSolution
		{5344C2F0-0152-48B5-BFC6-338E8BD42230} = {1BAB10F6-D1FF-4966-B193-A08C4704C52E}
		{74DDD57C-A051-43F2-AFDF-9A28760C2395} = {5344C2F0-0152-48B5-BFC6-338E8BD42230}
		{C6C9F9D3-C71C-4B04-B8CA-7FC13B2D6F6D} = {1BAB10F6-D1FF-4966-B193-A08C4704C52E}
		{BA929BB2-C815-4449-85DC-1C8CEE32B2D0} = {C6C9F9D3-C71C-4B04-B8CA-7FC13B2D6F6D}
		{C05248B6-0FCF-4C45-81DA-DD83C035460B} = {1BAB10F6-D1FF-4966-B193-A08C4704C52E}
		{2BEC1E7D-A237-44BC-B90C-EA01691D4875} = {C05248B6-0FCF-4C45-81DA-DD83C035460B}
		{7EAB1F49-4426-47B6-91FC-652B84A7ECE0} = {C05248B6-0FCF-4C45-81DA-DD83C035460B}
		{C167416E-3D76-4067-9E4E-895F52958391} = {C05248B6-0FCF-4C45-81DA-DD83C035460B}
		{10975A2C-4965-46E0-94AA-F0A8E9CC6480} = {2BEC1E7D-A237-44BC-B90C-EA01691D4875}
		{58FC4944-EA77-44E6-891F-781D937E0E22} = {2BEC1E7D-A237-44BC-B90C-EA01691D4875}
		{A5F8A0BE-0D62-4CBA-953E-6A64DBC9934E} = {7EAB1F49-4426-47B6-91FC-652B84A7ECE0}
		{DC660BBC-174E-4DA5-A6E8-0CA609F62CA7} = {C167416E-3D76-4067-9E4E-895F52958391}
		{620527B2-A898-4475-B05C-B54378CD8E37} = {5B60C569-F011-47D0-AFF4-4D0368EF6D1F}
		{3AEB4E3A-5D39-408D-AFF8-C1965ED5111C} = {1BAB10F6-D1FF-4966-B193-A08C4704C52E}
		{D9460100-23AD-4EFE-802A-7097B85B08A1} = {3AEB4E3A-5D39-408D-AFF8-C1965ED5111C}
		{1AB56CAA-D218-4C9F-9951-C9734E3EFB36} = {3AEB4E3A-5D39-408D-AFF8-C1965ED5111C}
		{E707AED6-7A48-469E-9473-7577E27BF85E} = {3AEB4E3A-5D39-408D-AFF8-C1965ED5111C}
		{F354A792-B87C-478C-B804-13F538E5AFD3} = {3AEB4E3A-5D39-408D-AFF8-C1965ED5111C}
		{5B28F781-0016-48CE-B4A5-A153C8631AC7} = {3AEB4E3A-5D39-408D-AFF8-C1965ED5111C}
		{1C8063CC-38FE-4DD6-8934-430691535272} = {1BAB10F6-D1FF-4966-B193-A08C4704C52E}
		{DEEF608F-D96B-44BD-8727-34D636AE40F3} = {1C8063CC-38FE-4DD6-8934-430691535272}
		{C8D28FE8-E3D7-4A2A-974F-F4A6A05F0339} = {249E96D0-90C2-45B3-9BF1-422CBA2F13F0}
		{D8A4EC68-AAFE-4782-8892-2B9639A7C75F} = {249E96D0-90C2-45B3-9BF1-422CBA2F13F0}
		{02EA681E-C7D8-13C7-8484-4AC65E1B71E8} = {1BAB10F6-D1FF-4966-B193-A08C4704C52E}
		{83C31C64-7980-440F-9B6C-E27422FEB814} = {02EA681E-C7D8-13C7-8484-4AC65E1B71E8}
	EndGlobalSection
	GlobalSection(ExtensibilityGlobals) = postSolution
		SolutionGuid = {664988E8-25E2-4C34-85BF-36D5D6DECBF6}
	EndGlobalSection
EndGlobal
